
Microsoft Visual Studio Solution File, Format Version 12.00
# Visual Studio 14
VisualStudioVersion = 14.0.25420.1
MinimumVisualStudioVersion = 10.0.40219.1
Project("{00D1A9C2-B5F0-4AF3-8072-F6C62B433612}") = "Database", "Database\Database.sqlproj", "{992F8EA3-9AE2-4764-9C31-2A6B67A5B6AB}"
EndProject
Project("{FAE04EC0-301F-11D3-BF4B-00C04F79EFBC}") = "Frontend", "Frontend\Frontend.csproj", "{AE25CCC3-751B-4BFA-A169-9F80299CF95E}"
EndProject
Global
	GlobalSection(SolutionConfigurationPlatforms) = preSolution
		Debug|Any CPU = Debug|Any CPU
		Release|Any CPU = Release|Any CPU
	EndGlobalSection
	GlobalSection(ProjectConfigurationPlatforms) = postSolution
		{992F8EA3-9AE2-4764-9C31-2A6B67A5B6AB}.Debug|Any CPU.ActiveCfg = Debug|Any CPU
		{992F8EA3-9AE2-4764-9C31-2A6B67A5B6AB}.Debug|Any CPU.Build.0 = Debug|Any CPU
		{992F8EA3-9AE2-4764-9C31-2A6B67A5B6AB}.Debug|Any CPU.Deploy.0 = Debug|Any CPU
		{992F8EA3-9AE2-4764-9C31-2A6B67A5B6AB}.Release|Any CPU.ActiveCfg = Release|Any CPU
		{992F8EA3-9AE2-4764-9C31-2A6B67A5B6AB}.Release|Any CPU.Build.0 = Release|Any CPU
		{992F8EA3-9AE2-4764-9C31-2A6B67A5B6AB}.Release|Any CPU.Deploy.0 = Release|Any CPU
		{AE25CCC3-751B-4BFA-A169-9F80299CF95E}.Debug|Any CPU.ActiveCfg = Debug|Any CPU
		{AE25CCC3-751B-4BFA-A169-9F80299CF95E}.Debug|Any CPU.Build.0 = Debug|Any CPU
		{AE25CCC3-751B-4BFA-A169-9F80299CF95E}.Release|Any CPU.ActiveCfg = Release|Any CPU
		{AE25CCC3-751B-4BFA-A169-9F80299CF95E}.Release|Any CPU.Build.0 = Release|Any CPU
	EndGlobalSection
	GlobalSection(SolutionProperties) = preSolution
		HideSolutionNode = FALSE
	EndGlobalSection
EndGlobal
